{
  "version": 4,
  "terraform_version": "1.9.3",
  "serial": 3,
  "lineage": "7a942f2f-8739-b2ca-3d00-97e872fef7e4",
  "outputs": {},
  "resources": [
    {
      "mode": "data",
      "type": "spotify_search_track",
      "name": "thelocaltrain",
      "provider": "provider[\"registry.terraform.io/conradludgate/spotify\"]",
      "instances": [
        {
          "schema_version": 0,
          "attributes": {
            "album": null,
            "artist": "The Local Train",
            "explicit": true,
            "id": "1722071600",
            "limit": 10,
            "name": null,
            "tracks": [
              {
                "album": "5xOkxpVDHdpWkI9mNfYXab",
                "artists": [
                  "7b6Ui7JVaBDEfZB9k6nHL0"
                ],
                "id": "0rlLBWFFTQiOWi963SH9bb",
                "name": "Choo Lo"
              },
              {
                "album": "5xOkxpVDHdpWkI9mNfYXab",
                "artists": [
                  "7b6Ui7JVaBDEfZB9k6nHL0"
                ],
                "id": "5ivRSlOhVIXN2QMzqgsX0s",
                "name": "Aaoge Tum Kabhi"
              },
              {
                "album": "5xOkxpVDHdpWkI9mNfYXab",
                "artists": [
                  "7b6Ui7JVaBDEfZB9k6nHL0"
                ],
                "id": "6vIpkg9mdc5kDYvwuO6Qtc",
                "name": "Kaisey Jiyun"
              },
              {
                "album": "1DW7mX33rABORCELQ4KkQn",
                "artists": [
                  "7b6Ui7JVaBDEfZB9k6nHL0"
                ],
                "id": "0bNkrxGqyFNYuXfj9HBV4r",
                "name": "Aaftaab"
              },
              {
                "album": "5xOkxpVDHdpWkI9mNfYXab",
                "artists": [
                  "7b6Ui7JVaBDEfZB9k6nHL0"
                ],
                "id": "4WlSINBIlOV1K3jtxTXKx6",
                "name": "Bandey"
              },
              {
                "album": "2xkyBtiU8rMkow6ymV9cUe",
                "artists": [
                  "7b6Ui7JVaBDEfZB9k6nHL0",
                  "2L16nDKTxhFGaDriR2AHTB"
                ],
                "id": "5qu00elDJgCJMlbCLlTsvD",
                "name": "Tu Hai Kahaan - From \"Do Aur Do Pyaar\""
              },
              {
                "album": "1DW7mX33rABORCELQ4KkQn",
                "artists": [
                  "7b6Ui7JVaBDEfZB9k6nHL0"
                ],
                "id": "46HUXpfLQmX8t0QcDr4w7W",
                "name": "Khudi"
              },
              {
                "album": "5xOkxpVDHdpWkI9mNfYXab",
                "artists": [
                  "7b6Ui7JVaBDEfZB9k6nHL0"
                ],
                "id": "69JnOvCcahThuWWwB7kXcv",
                "name": "Yeh Zindagi Hai"
              },
              {
                "album": "5xOkxpVDHdpWkI9mNfYXab",
                "artists": [
                  "7b6Ui7JVaBDEfZB9k6nHL0"
                ],
                "id": "0XF0D8HL9gk2sr9tlFOee3",
                "name": "Dil Mere"
              },
              {
                "album": "1DW7mX33rABORCELQ4KkQn",
                "artists": [
                  "7b6Ui7JVaBDEfZB9k6nHL0"
                ],
                "id": "3YFGRIWnlFmWUJvXdJZIVS",
                "name": "Dilnawaz"
              }
            ],
            "year": null
          },
          "sensitive_attributes": []
        }
      ]
    },
    {
      "mode": "managed",
      "type": "spotify_playlist",
      "name": "ChooLo",
      "provider": "provider[\"registry.terraform.io/conradludgate/spotify\"]",
      "instances": [
        {
          "schema_version": 0,
          "attributes": {
            "description": null,
            "id": "6bN7EzfTlu94gm39LLI3VQ",
            "name": "Choo Lo",
            "public": true,
            "snapshot_id": "AAAAAqtpDKp8KjLSOqkgTsv71+DflCn6",
            "tracks": [
              "0rlLBWFFTQiOWi963SH9bb",
              "5ivRSlOhVIXN2QMzqgsX0s",
              "6vIpkg9mdc5kDYvwuO6Qtc"
            ]
          },
          "sensitive_attributes": [],
          "private": "bnVsbA==",
          "dependencies": [
            "data.spotify_search_track.thelocaltrain"
          ]
        }
      ]
    },
    {
      "mode": "managed",
      "type": "spotify_playlist",
      "name": "D_core",
      "provider": "provider[\"registry.terraform.io/conradludgate/spotify\"]",
      "instances": [
        {
          "schema_version": 0,
          "attributes": {
            "description": "",
            "id": "1COC3sGiJUV0oyaeONS1la",
            "name": "D_core",
            "public": true,
            "snapshot_id": "AAAAAmBly2c5FRnlLRJb1AWbCNNYqOIK",
            "tracks": [
              "6YNl1rXbhKvmbMrw9cp3RQ"
            ]
          },
          "sensitive_attributes": [],
          "private": "bnVsbA=="
        }
      ]
    }
  ],
  "check_results": null
}
